
Microsoft Visual Studio Solution File, Format Version 12.00
# Visual Studio Version 17
VisualStudioVersion = 17.7.34024.191
MinimumVisualStudioVersion = 10.0.40219.1
Project("{9A19103F-16F7-4668-BE54-9A1E7A4F7556}") = "IdentityProvider.Duende", "IdentityProvider.Duende.csproj", "{F01C5714-E867-4924-8597-8133DB31EE02}"
EndProject
Global
	GlobalSection(SolutionConfigurationPlatforms) = preSolution
		Debug|Any CPU = Debug|Any CPU
		Release|Any CPU = Release|Any CPU
	EndGlobalSection
	GlobalSection(ProjectConfigurationPlatforms) = postSolution
		{F01C5714-E867-4924-8597-8133DB31EE02}.Debug|Any CPU.ActiveCfg = Debug|Any CPU
		{F01C5714-E867-4924-8597-8133DB31EE02}.Debug|Any CPU.Build.0 = Debug|Any CPU
		{F01C5714-E867-4924-8597-8133DB31EE02}.Release|Any CPU.ActiveCfg = Release|Any CPU
		{F01C5714-E867-4924-8597-8133DB31EE02}.Release|Any CPU.Build.0 = Release|Any CPU
	EndGlobalSection
	GlobalSection(SolutionProperties) = preSolution
		HideSolutionNode = FALSE
	EndGlobalSection
	GlobalSection(ExtensibilityGlobals) = postSolution
		SolutionGuid = {82765978-441A-4138-BD2F-A4CD835C1145}
	EndGlobalSection
EndGlobal
